<?xml version="1.0" encoding="utf-8"?>
<Project ToolsVersion="4.0" xmlns="http://schemas.microsoft.com/developer/msbuild/2003">
  <ItemGroup>
    <Filter Include="Source Files">
      <UniqueIdentifier>{4FC737F1-C7A5-4376-A066-2A32D752A2FF}</UniqueIdentifier>
      <Extensions>cpp;c;cc;cxx;c++;cppm;ixx;def;odl;idl;hpj;bat;asm;asmx</Extensions>
    </Filter>
    <Filter Include="Header Files">
      <UniqueIdentifier>{93995380-89BD-4b04-88EB-625FBE52EBFB}</UniqueIdentifier>
      <Extensions>h;hh;hpp;hxx;h++;hm;inl;inc;ipp;xsd</Extensions>
    </Filter>
    <Filter Include="Resource Files">
      <UniqueIdentifier>{67DA6AB6-F800-4c08-8B7A-83BB121AAD01}</UniqueIdentifier>
      <Extensions>rc;ico;cur;bmp;dlg;rc2;rct;bin;rgs;gif;jpg;jpeg;jpe;resx;tiff;tif;png;wav;mfcribbon-ms</Extensions>
    </Filter>
  </ItemGroup>
  <ItemGroup>
    <ClInclude Include="convgrp.h">
      <Filter>Header Files</Filter>
    </ClInclude>
    <ClInclude Include="notify.h">
      <Filter>Header Files</Filter>
    </ClInclude>
    <ClInclude Include="pmdlg.h">
      <Filter>Header Files</Filter>
    </ClInclude>
    <ClInclude Include="pmhelp.h">
      <Filter>Header Files</Filter>
    </ClInclude>
    <ClInclude Include="pmreg.h">
      <Filter>Header Files</Filter>
    </ClInclude>
    <ClInclude Include="progman.h">
      <Filter>Header Files</Filter>
    </ClInclude>
    <ClInclude Include="sec.h">
      <Filter>Header Files</Filter>
    </ClInclude>
    <ClInclude Include="secdesc.h">
      <Filter>Header Files</Filter>
    </ClInclude>
    <ClInclude Include="security.h">
      <Filter>Header Files</Filter>
    </ClInclude>
    <ClInclude Include="taskman.h">
      <Filter>Header Files</Filter>
    </ClInclude>
    <ClInclude Include="util.h">
      <Filter>Header Files</Filter>
    </ClInclude>
    <ClInclude Include="pmvdm.h">
      <Filter>Header Files</Filter>
    </ClInclude>
    <ClInclude Include="pmanfunc.h">
      <Filter>Header Files</Filter>
    </ClInclude>
    <ClInclude Include="newexe.h">
      <Filter>Header Files</Filter>
    </ClInclude>
    <ClInclude Include="extract.h">
      <Filter>Header Files</Filter>
    </ClInclude>
    <ClInclude Include="pmtray.h">
      <Filter>Header Files</Filter>
    </ClInclude>
  </ItemGroup>
  <ItemGroup>
    <ResourceCompile Include="progmn.rc">
      <Filter>Resource Files</Filter>
    </ResourceCompile>
  </ItemGroup>
  <ItemGroup>
    <ClCompile Include="convgrp.c">
      <Filter>Source Files</Filter>
    </ClCompile>
    <ClCompile Include="hotkey.c">
      <Filter>Source Files</Filter>
    </ClCompile>
    <ClCompile Include="notify.c">
      <Filter>Source Files</Filter>
    </ClCompile>
    <ClCompile Include="pmcomman.c">
      <Filter>Source Files</Filter>
    </ClCompile>
    <ClCompile Include="pmdlgs.c">
      <Filter>Source Files</Filter>
    </ClCompile>
    <ClCompile Include="pmdos.c">
      <Filter>Source Files</Filter>
    </ClCompile>
    <ClCompile Include="pmgroup.c">
      <Filter>Source Files</Filter>
    </ClCompile>
    <ClCompile Include="pmgseg.c">
      <Filter>Source Files</Filter>
    </ClCompile>
    <ClCompile Include="pminit.c">
      <Filter>Source Files</Filter>
    </ClCompile>
    <ClCompile Include="pmwprocs.c">
      <Filter>Source Files</Filter>
    </ClCompile>
    <ClCompile Include="progman.c">
      <Filter>Source Files</Filter>
    </ClCompile>
    <ClCompile Include="secdesc.c">
      <Filter>Source Files</Filter>
    </ClCompile>
    <ClCompile Include="security.c">
      <Filter>Source Files</Filter>
    </ClCompile>
    <ClCompile Include="taskman.c">
      <Filter>Source Files</Filter>
    </ClCompile>
    <ClCompile Include="util.c">
      <Filter>Source Files</Filter>
    </ClCompile>
    <ClCompile Include="pmanfunc.c">
      <Filter>Source Files</Filter>
    </ClCompile>
    <ClCompile Include="strtokex.c">
      <Filter>Source Files</Filter>
    </ClCompile>
    <ClCompile Include="extract.c">
      <Filter>Source Files</Filter>
    </ClCompile>
    <ClCompile Include="pmtray.c">
      <Filter>Source Files</Filter>
    </ClCompile>
  </ItemGroup>
  <ItemGroup>
    <None Include="progman.dlg">
      <Filter>Resource Files</Filter>
    </None>
  </ItemGroup>
</Project>